
Microsoft Visual Studio Solution File, Format Version 12.00
# Visual Studio Version 16
VisualStudioVersion = 16.0.31205.134
MinimumVisualStudioVersion = 10.0.40219.1
Project("{8BC9CEB8-8B4A-11D0-8D11-00A0C91BC942}") = "umba-roboconf", ".msvc2019\umba-roboconf.vcxproj", "{1AD5E13F-5523-4B62-A076-FCB301C3D86F}"
EndProject
Project("{8BC9CEB8-8B4A-11D0-8D11-00A0C91BC942}") = "sm32_pa_gen", ".msvc2019\sm32_pa_gen.vcxproj", "{439EF332-881C-4812-867C-77B4ABA9A5FE}"
EndProject
Project("{8BC9CEB8-8B4A-11D0-8D11-00A0C91BC942}") = "cube2cmp", ".msvc2019\cube2cmp.vcxproj", "{45CB12E1-D6C7-4BC5-BD01-BE95CD84D389}"
EndProject
Project("{8BC9CEB8-8B4A-11D0-8D11-00A0C91BC942}") = "enc_det_test", ".msvc2019\enc_det_test.vcxproj", "{F27E8D8D-C2EA-4534-B127-A125D82CD59F}"
EndProject
Global
	GlobalSection(SolutionConfigurationPlatforms) = preSolution
		Debug|x64 = Debug|x64
		Debug|x86 = Debug|x86
		Release|x64 = Release|x64
		Release|x86 = Release|x86
	EndGlobalSection
	GlobalSection(ProjectConfigurationPlatforms) = postSolution
		{1AD5E13F-5523-4B62-A076-FCB301C3D86F}.Debug|x64.ActiveCfg = Debug|x64
		{1AD5E13F-5523-4B62-A076-FCB301C3D86F}.Debug|x64.Build.0 = Debug|x64
		{1AD5E13F-5523-4B62-A076-FCB301C3D86F}.Debug|x86.ActiveCfg = Debug|Win32
		{1AD5E13F-5523-4B62-A076-FCB301C3D86F}.Debug|x86.Build.0 = Debug|Win32
		{1AD5E13F-5523-4B62-A076-FCB301C3D86F}.Release|x64.ActiveCfg = Release|x64
		{1AD5E13F-5523-4B62-A076-FCB301C3D86F}.Release|x64.Build.0 = Release|x64
		{1AD5E13F-5523-4B62-A076-FCB301C3D86F}.Release|x86.ActiveCfg = Release|Win32
		{1AD5E13F-5523-4B62-A076-FCB301C3D86F}.Release|x86.Build.0 = Release|Win32
		{439EF332-881C-4812-867C-77B4ABA9A5FE}.Debug|x64.ActiveCfg = Debug|x64
		{439EF332-881C-4812-867C-77B4ABA9A5FE}.Debug|x64.Build.0 = Debug|x64
		{439EF332-881C-4812-867C-77B4ABA9A5FE}.Debug|x86.ActiveCfg = Debug|Win32
		{439EF332-881C-4812-867C-77B4ABA9A5FE}.Debug|x86.Build.0 = Debug|Win32
		{439EF332-881C-4812-867C-77B4ABA9A5FE}.Release|x64.ActiveCfg = Release|x64
		{439EF332-881C-4812-867C-77B4ABA9A5FE}.Release|x64.Build.0 = Release|x64
		{439EF332-881C-4812-867C-77B4ABA9A5FE}.Release|x86.ActiveCfg = Release|Win32
		{439EF332-881C-4812-867C-77B4ABA9A5FE}.Release|x86.Build.0 = Release|Win32
		{45CB12E1-D6C7-4BC5-BD01-BE95CD84D389}.Debug|x64.ActiveCfg = Debug|x64
		{45CB12E1-D6C7-4BC5-BD01-BE95CD84D389}.Debug|x64.Build.0 = Debug|x64
		{45CB12E1-D6C7-4BC5-BD01-BE95CD84D389}.Debug|x86.ActiveCfg = Debug|Win32
		{45CB12E1-D6C7-4BC5-BD01-BE95CD84D389}.Debug|x86.Build.0 = Debug|Win32
		{45CB12E1-D6C7-4BC5-BD01-BE95CD84D389}.Release|x64.ActiveCfg = Release|x64
		{45CB12E1-D6C7-4BC5-BD01-BE95CD84D389}.Release|x64.Build.0 = Release|x64
		{45CB12E1-D6C7-4BC5-BD01-BE95CD84D389}.Release|x86.ActiveCfg = Release|Win32
		{45CB12E1-D6C7-4BC5-BD01-BE95CD84D389}.Release|x86.Build.0 = Release|Win32
		{F27E8D8D-C2EA-4534-B127-A125D82CD59F}.Debug|x64.ActiveCfg = Debug|x64
		{F27E8D8D-C2EA-4534-B127-A125D82CD59F}.Debug|x64.Build.0 = Debug|x64
		{F27E8D8D-C2EA-4534-B127-A125D82CD59F}.Debug|x86.ActiveCfg = Debug|Win32
		{F27E8D8D-C2EA-4534-B127-A125D82CD59F}.Debug|x86.Build.0 = Debug|Win32
		{F27E8D8D-C2EA-4534-B127-A125D82CD59F}.Release|x64.ActiveCfg = Release|x64
		{F27E8D8D-C2EA-4534-B127-A125D82CD59F}.Release|x64.Build.0 = Release|x64
		{F27E8D8D-C2EA-4534-B127-A125D82CD59F}.Release|x86.ActiveCfg = Release|Win32
		{F27E8D8D-C2EA-4534-B127-A125D82CD59F}.Release|x86.Build.0 = Release|Win32
	EndGlobalSection
	GlobalSection(SolutionProperties) = preSolution
		HideSolutionNode = FALSE
	EndGlobalSection
	GlobalSection(ExtensibilityGlobals) = postSolution
		SolutionGuid = {C23D9E3F-72FC-4771-97AB-77FEA1DC229C}
	EndGlobalSection
EndGlobal
