<?xml version="1.0" encoding="utf-8"?>
<Project ToolsVersion="4.0" xmlns="http://schemas.microsoft.com/developer/msbuild/2003">
  <ItemGroup>
    <ClCompile Include=".\src\roboconf.cpp" />
    <ClCompile Include="src\enc_det\compact_enc_det\compact_enc_det.cc">
      <Filter>enc_det</Filter>
    </ClCompile>
    <ClCompile Include="src\enc_det\compact_enc_det\compact_enc_det_hint_code.cc">
      <Filter>enc_det</Filter>
    </ClCompile>
    <ClCompile Include="src\enc_det\util\encodings\encodings.cc">
      <Filter>enc_det</Filter>
    </ClCompile>
    <ClCompile Include="src\enc_det\util\languages\languages.cc">
      <Filter>enc_det</Filter>
    </ClCompile>
    <ClCompile Include="src\packages.cpp" />
    <ClCompile Include="src\component.cpp" />
    <ClCompile Include="src\encoding.cpp" />
    <ClCompile Include="src\roboconf_options.cpp" />
    <ClCompile Include="src\component_class.cpp" />
  </ItemGroup>
  <ItemGroup>
    <Filter Include="enc_det">
      <UniqueIdentifier>{0b02c40d-383b-4860-ae25-04ace7003b83}</UniqueIdentifier>
    </Filter>
  </ItemGroup>
</Project>